// !$*UTF8*$!
{
	archiveVersion = 1;
	classes = {
	};
	objectVersion = 56;
	objects = {

/* Begin PBXBuildFile section */
		F7C549762C235B3B004D6C6A /* WeatherButton.swift in Sources */ = {isa = PBXBuildFile; fileRef = F7C549752C235B3B004D6C6A /* WeatherButton.swift */; };
		F7C549782C245F43004D6C6A /* WeatherData.swift in Sources */ = {isa = PBXBuildFile; fileRef = F7C549772C245F43004D6C6A /* WeatherData.swift */; };
		F7F3CC722C1C6BB30089D3F1 /* weatherAppApp.swift in Sources */ = {isa = PBXBuildFile; fileRef = F7F3CC712C1C6BB30089D3F1 /* weatherAppApp.swift */; };
		F7F3CC742C1C6BB30089D3F1 /* ContentView.swift in Sources */ = {isa = PBXBuildFile; fileRef = F7F3CC732C1C6BB30089D3F1 /* ContentView.swift */; };
		F7F3CC762C1C6BB40089D3F1 /* Assets.xcassets in Resources */ = {isa = PBXBuildFile; fileRef = F7F3CC752C1C6BB40089D3F1 /* Assets.xcassets */; };
		F7F3CC792C1C6BB40089D3F1 /* Preview Assets.xcassets in Resources */ = {isa = PBXBuildFile; fileRef = F7F3CC782C1C6BB40089D3F1 /* Preview Assets.xcassets */; };
		F7F3CC832C1C6BB40089D3F1 /* weatherAppTests.swift in Sources */ = {isa = PBXBuildFile; fileRef = F7F3CC822C1C6BB40089D3F1 /* weatherAppTests.swift */; };
		F7F3CC8D2C1C6BB50089D3F1 /* weatherAppUITests.swift in Sources */ = {isa = PBXBuildFile; fileRef = F7F3CC8C2C1C6BB50089D3F1 /* weatherAppUITests.swift */; };
		F7F3CC8F2C1C6BB50089D3F1 /* weatherAppUITestsLaunchTests.swift in Sources */ = {isa = PBXBuildFile; fileRef = F7F3CC8E2C1C6BB50089D3F1 /* weatherAppUITestsLaunchTests.swift */; };
/* End PBXBuildFile section */

/* Begin PBXContainerItemProxy section */
		F7F3CC7F2C1C6BB40089D3F1 /* PBXContainerItemProxy */ = {
			isa = PBXContainerItemProxy;
			containerPortal = F7F3CC662C1C6BB30089D3F1 /* Project object */;
			proxyType = 1;
			remoteGlobalIDString = F7F3CC6D2C1C6BB30089D3F1;
			remoteInfo = weatherApp;
		};
		F7F3CC892C1C6BB50089D3F1 /* PBXContainerItemProxy */ = {
			isa = PBXContainerItemProxy;
			containerPortal = F7F3CC662C1C6BB30089D3F1 /* Project object */;
			proxyType = 1;
			remoteGlobalIDString = F7F3CC6D2C1C6BB30089D3F1;
			remoteInfo = weatherApp;
		};
/* End PBXContainerItemProxy section */

/* Begin PBXFileReference section */
		F7C549752C235B3B004D6C6A /* WeatherButton.swift */ = {isa = PBXFileReference; lastKnownFileType = sourcecode.swift; path = WeatherButton.swift; sourceTree = "<group>"; };
		F7C549772C245F43004D6C6A /* WeatherData.swift */ = {isa = PBXFileReference; lastKnownFileType = sourcecode.swift; path = WeatherData.swift; sourceTree = "<group>"; };
		F7F3CC6E2C1C6BB30089D3F1 /* weatherApp.app */ = {isa = PBXFileReference; explicitFileType = wrapper.application; includeInIndex = 0; path = weatherApp.app; sourceTree = BUILT_PRODUCTS_DIR; };
		F7F3CC712C1C6BB30089D3F1 /* weatherAppApp.swift */ = {isa = PBXFileReference; lastKnownFileType = sourcecode.swift; path = weatherAppApp.swift; sourceTree = "<group>"; };
		F7F3CC732C1C6BB30089D3F1 /* ContentView.swift */ = {isa = PBXFileReference; lastKnownFileType = sourcecode.swift; path = ContentView.swift; sourceTree = "<group>"; };
		F7F3CC752C1C6BB40089D3F1 /* Assets.xcassets */ = {isa = PBXFileReference; lastKnownFileType = folder.assetcatalog; path = Assets.xcassets; sourceTree = "<group>"; };
		F7F3CC782C1C6BB40089D3F1 /* Preview Assets.xcassets */ = {isa = PBXFileReference; lastKnownFileType = folder.assetcatalog; path = "Preview Assets.xcassets"; sourceTree = "<group>"; };
		F7F3CC7E2C1C6BB40089D3F1 /* weatherAppTests.xctest */ = {isa = PBXFileReference; explicitFileType = wrapper.cfbundle; includeInIndex = 0; path = weatherAppTests.xctest; sourceTree = BUILT_PRODUCTS_DIR; };
		F7F3CC822C1C6BB40089D3F1 /* weatherAppTests.swift */ = {isa = PBXFileReference; lastKnownFileType = sourcecode.swift; path = weatherAppTests.swift; sourceTree = "<group>"; };
		F7F3CC882C1C6BB50089D3F1 /* weatherAppUITests.xctest */ = {isa = PBXFileReference; explicitFileType = wrapper.cfbundle; includeInIndex = 0; path = weatherAppUITests.xctest; sourceTree = BUILT_PRODUCTS_DIR; };
		F7F3CC8C2C1C6BB50089D3F1 /* weatherAppUITests.swift */ = {isa = PBXFileReference; lastKnownFileType = sourcecode.swift; path = weatherAppUITests.swift; sourceTree = "<group>"; };
		F7F3CC8E2C1C6BB50089D3F1 /* weatherAppUITestsLaunchTests.swift */ = {isa = PBXFileReference; lastKnownFileType = sourcecode.swift; path = weatherAppUITestsLaunchTests.swift; sourceTree = "<group>"; };
/* End PBXFileReference section */

/* Begin PBXFrameworksBuildPhase section */
		F7F3CC6B2C1C6BB30089D3F1 /* Frameworks */ = {
			isa = PBXFrameworksBuildPhase;
			buildActionMask = 2147483647;
			files = (
			);
			runOnlyForDeploymentPostprocessing = 0;
		};
		F7F3CC7B2C1C6BB40089D3F1 /* Frameworks */ = {
			isa = PBXFrameworksBuildPhase;
			buildActionMask = 2147483647;
			files = (
			);
			runOnlyForDeploymentPostprocessing = 0;
		};
		F7F3CC852C1C6BB50089D3F1 /* Frameworks */ = {
			isa = PBXFrameworksBuildPhase;
			buildActionMask = 2147483647;
			files = (
			);
			runOnlyForDeploymentPostprocessing = 0;
		};
/* End PBXFrameworksBuildPhase section */

/* Begin PBXGroup section */
		F7A8BE202C1F66E7005AEB92 /* Components */ = {
			isa = PBXGroup;
			children = (
				F7C549752C235B3B004D6C6A /* WeatherButton.swift */,
			);
			path = Components;
			sourceTree = "<group>";
		};
		F7C549792C245F9A004D6C6A /* ViewModel */ = {
			isa = PBXGroup;
			children = (
				F7C549772C245F43004D6C6A /* WeatherData.swift */,
			);
			path = ViewModel;
			sourceTree = "<group>";
		};
		F7F3CC652C1C6BB30089D3F1 = {
			isa = PBXGroup;
			children = (
				F7F3CC702C1C6BB30089D3F1 /* weatherApp */,
				F7F3CC812C1C6BB40089D3F1 /* weatherAppTests */,
				F7F3CC8B2C1C6BB50089D3F1 /* weatherAppUITests */,
				F7F3CC6F2C1C6BB30089D3F1 /* Products */,
			);
			sourceTree = "<group>";
		};
		F7F3CC6F2C1C6BB30089D3F1 /* Products */ = {
			isa = PBXGroup;
			children = (
				F7F3CC6E2C1C6BB30089D3F1 /* weatherApp.app */,
				F7F3CC7E2C1C6BB40089D3F1 /* weatherAppTests.xctest */,
				F7F3CC882C1C6BB50089D3F1 /* weatherAppUITests.xctest */,
			);
			name = Products;
			sourceTree = "<group>";
		};
		F7F3CC702C1C6BB30089D3F1 /* weatherApp */ = {
			isa = PBXGroup;
			children = (
				F7C549792C245F9A004D6C6A /* ViewModel */,
				F7A8BE202C1F66E7005AEB92 /* Components */,
				F7F3CC712C1C6BB30089D3F1 /* weatherAppApp.swift */,
				F7F3CC732C1C6BB30089D3F1 /* ContentView.swift */,
				F7F3CC752C1C6BB40089D3F1 /* Assets.xcassets */,
				F7F3CC772C1C6BB40089D3F1 /* Preview Content */,
			);
			path = weatherApp;
			sourceTree = "<group>";
		};
		F7F3CC772C1C6BB40089D3F1 /* Preview Content */ = {
			isa = PBXGroup;
			children = (
				F7F3CC782C1C6BB40089D3F1 /* Preview Assets.xcassets */,
			);
			path = "Preview Content";
			sourceTree = "<group>";
		};
		F7F3CC812C1C6BB40089D3F1 /* weatherAppTests */ = {
			isa = PBXGroup;
			children = (
				F7F3CC822C1C6BB40089D3F1 /* weatherAppTests.swift */,
			);
			path = weatherAppTests;
			sourceTree = "<group>";
		};
		F7F3CC8B2C1C6BB50089D3F1 /* weatherAppUITests */ = {
			isa = PBXGroup;
			children = (
				F7F3CC8C2C1C6BB50089D3F1 /* weatherAppUITests.swift */,
				F7F3CC8E2C1C6BB50089D3F1 /* weatherAppUITestsLaunchTests.swift */,
			);
			path = weatherAppUITests;
			sourceTree = "<group>";
		};
/* End PBXGroup section */

/* Begin PBXNativeTarget section */
		F7F3CC6D2C1C6BB30089D3F1 /* weatherApp */ = {
			isa = PBXNativeTarget;
			buildConfigurationList = F7F3CC922C1C6BB50089D3F1 /* Build configuration list for PBXNativeTarget "weatherApp" */;
			buildPhases = (
				F7F3CC6A2C1C6BB30089D3F1 /* Sources */,
				F7F3CC6B2C1C6BB30089D3F1 /* Frameworks */,
				F7F3CC6C2C1C6BB30089D3F1 /* Resources */,
			);
			buildRules = (
			);
			dependencies = (
			);
			name = weatherApp;
			productName = weatherApp;
			productReference = F7F3CC6E2C1C6BB30089D3F1 /* weatherApp.app */;
			productType = "com.apple.product-type.application";
		};
		F7F3CC7D2C1C6BB40089D3F1 /* weatherAppTests */ = {
			isa = PBXNativeTarget;
			buildConfigurationList = F7F3CC952C1C6BB50089D3F1 /* Build configuration list for PBXNativeTarget "weatherAppTests" */;
			buildPhases = (
				F7F3CC7A2C1C6BB40089D3F1 /* Sources */,
				F7F3CC7B2C1C6BB40089D3F1 /* Frameworks */,
				F7F3CC7C2C1C6BB40089D3F1 /* Resources */,
			);
			buildRules = (
			);
			dependencies = (
				F7F3CC802C1C6BB40089D3F1 /* PBXTargetDependency */,
			);
			name = weatherAppTests;
			productName = weatherAppTests;
			productReference = F7F3CC7E2C1C6BB40089D3F1 /* weatherAppTests.xctest */;
			productType = "com.apple.product-type.bundle.unit-test";
		};
		F7F3CC872C1C6BB50089D3F1 /* weatherAppUITests */ = {
			isa = PBXNativeTarget;
			buildConfigurationList = F7F3CC982C1C6BB50089D3F1 /* Build configuration list for PBXNativeTarget "weatherAppUITests" */;
			buildPhases = (
				F7F3CC842C1C6BB50089D3F1 /* Sources */,
				F7F3CC852C1C6BB50089D3F1 /* Frameworks */,
				F7F3CC862C1C6BB50089D3F1 /* Resources */,
			);
			buildRules = (
			);
			dependencies = (
				F7F3CC8A2C1C6BB50089D3F1 /* PBXTargetDependency */,
			);
			name = weatherAppUITests;
			productName = weatherAppUITests;
			productReference = F7F3CC882C1C6BB50089D3F1 /* weatherAppUITests.xctest */;
			productType = "com.apple.product-type.bundle.ui-testing";
		};
/* End PBXNativeTarget section */

/* Begin PBXProject section */
		F7F3CC662C1C6BB30089D3F1 /* Project object */ = {
			isa = PBXProject;
			attributes = {
				BuildIndependentTargetsInParallel = 1;
				LastSwiftUpdateCheck = 1540;
				LastUpgradeCheck = 1540;
				TargetAttributes = {
					F7F3CC6D2C1C6BB30089D3F1 = {
						CreatedOnToolsVersion = 15.4;
					};
					F7F3CC7D2C1C6BB40089D3F1 = {
						CreatedOnToolsVersion = 15.4;
						TestTargetID = F7F3CC6D2C1C6BB30089D3F1;
					};
					F7F3CC872C1C6BB50089D3F1 = {
						CreatedOnToolsVersion = 15.4;
						TestTargetID = F7F3CC6D2C1C6BB30089D3F1;
					};
				};
			};
			buildConfigurationList = F7F3CC692C1C6BB30089D3F1 /* Build configuration list for PBXProject "weatherApp" */;
			compatibilityVersion = "Xcode 14.0";
			developmentRegion = en;
			hasScannedForEncodings = 0;
			knownRegions = (
				en,
				Base,
			);
			mainGroup = F7F3CC652C1C6BB30089D3F1;
			productRefGroup = F7F3CC6F2C1C6BB30089D3F1 /* Products */;
			projectDirPath = "";
			projectRoot = "";
			targets = (
				F7F3CC6D2C1C6BB30089D3F1 /* weatherApp */,
				F7F3CC7D2C1C6BB40089D3F1 /* weatherAppTests */,
				F7F3CC872C1C6BB50089D3F1 /* weatherAppUITests */,
			);
		};
/* End PBXProject section */

/* Begin PBXResourcesBuildPhase section */
		F7F3CC6C2C1C6BB30089D3F1 /* Resources */ = {
			isa = PBXResourcesBuildPhase;
			buildActionMask = 2147483647;
			files = (
				F7F3CC792C1C6BB40089D3F1 /* Preview Assets.xcassets in Resources */,
				F7F3CC762C1C6BB40089D3F1 /* Assets.xcassets in Resources */,
			);
			runOnlyForDeploymentPostprocessing = 0;
		};
		F7F3CC7C2C1C6BB40089D3F1 /* Resources */ = {
			isa = PBXResourcesBuildPhase;
			buildActionMask = 2147483647;
			files = (
			);
			runOnlyForDeploymentPostprocessing = 0;
		};
		F7F3CC862C1C6BB50089D3F1 /* Resources */ = {
			isa = PBXResourcesBuildPhase;
			buildActionMask = 2147483647;
			files = (
			);
			runOnlyForDeploymentPostprocessing = 0;
		};
/* End PBXResourcesBuildPhase section */

/* Begin PBXSourcesBuildPhase section */
		F7F3CC6A2C1C6BB30089D3F1 /* Sources */ = {
			isa = PBXSourcesBuildPhase;
			buildActionMask = 2147483647;
			files = (
				F7F3CC742C1C6BB30089D3F1 /* ContentView.swift in Sources */,
				F7F3CC722C1C6BB30089D3F1 /* weatherAppApp.swift in Sources */,
				F7C549782C245F43004D6C6A /* WeatherData.swift in Sources */,
				F7C549762C235B3B004D6C6A /* WeatherButton.swift in Sources */,
			);
			runOnlyForDeploymentPostprocessing = 0;
		};
		F7F3CC7A2C1C6BB40089D3F1 /* Sources */ = {
			isa = PBXSourcesBuildPhase;
			buildActionMask = 2147483647;
			files = (
				F7F3CC832C1C6BB40089D3F1 /* weatherAppTests.swift in Sources */,
			);
			runOnlyForDeploymentPostprocessing = 0;
		};
		F7F3CC842C1C6BB50089D3F1 /* Sources */ = {
			isa = PBXSourcesBuildPhase;
			buildActionMask = 2147483647;
			files = (
				F7F3CC8D2C1C6BB50089D3F1 /* weatherAppUITests.swift in Sources */,
				F7F3CC8F2C1C6BB50089D3F1 /* weatherAppUITestsLaunchTests.swift in Sources */,
			);
			runOnlyForDeploymentPostprocessing = 0;
		};
/* End PBXSourcesBuildPhase section */

/* Begin PBXTargetDependency section */
		F7F3CC802C1C6BB40089D3F1 /* PBXTargetDependency */ = {
			isa = PBXTargetDependency;
			target = F7F3CC6D2C1C6BB30089D3F1 /* weatherApp */;
			targetProxy = F7F3CC7F2C1C6BB40089D3F1 /* PBXContainerItemProxy */;
		};
		F7F3CC8A2C1C6BB50089D3F1 /* PBXTargetDependency */ = {
			isa = PBXTargetDependency;
			target = F7F3CC6D2C1C6BB30089D3F1 /* weatherApp */;
			targetProxy = F7F3CC892C1C6BB50089D3F1 /* PBXContainerItemProxy */;
		};
/* End PBXTargetDependency section */

/* Begin XCBuildConfiguration section */
		F7F3CC902C1C6BB50089D3F1 /* Debug */ = {
			isa = XCBuildConfiguration;
			buildSettings = {
				ALWAYS_SEARCH_USER_PATHS = NO;
				ASSETCATALOG_COMPILER_GENERATE_SWIFT_ASSET_SYMBOL_EXTENSIONS = YES;
				CLANG_ANALYZER_NONNULL = YES;
				CLANG_ANALYZER_NUMBER_OBJECT_CONVERSION = YES_AGGRESSIVE;
				CLANG_CXX_LANGUAGE_STANDARD = "gnu++20";
				CLANG_ENABLE_MODULES = YES;
				CLANG_ENABLE_OBJC_ARC = YES;
				CLANG_ENABLE_OBJC_WEAK = YES;
				CLANG_WARN_BLOCK_CAPTURE_AUTORELEASING = YES;
				CLANG_WARN_BOOL_CONVERSION = YES;
				CLANG_WARN_COMMA = YES;
				CLANG_WARN_CONSTANT_CONVERSION = YES;
				CLANG_WARN_DEPRECATED_OBJC_IMPLEMENTATIONS = YES;
				CLANG_WARN_DIRECT_OBJC_ISA_USAGE = YES_ERROR;
				CLANG_WARN_DOCUMENTATION_COMMENTS = YES;
				CLANG_WARN_EMPTY_BODY = YES;
				CLANG_WARN_ENUM_CONVERSION = YES;
				CLANG_WARN_INFINITE_RECURSION = YES;
				CLANG_WARN_INT_CONVERSION = YES;
				CLANG_WARN_NON_LITERAL_NULL_CONVERSION = YES;
				CLANG_WARN_OBJC_IMPLICIT_RETAIN_SELF = YES;
				CLANG_WARN_OBJC_LITERAL_CONVERSION = YES;
				CLANG_WARN_OBJC_ROOT_CLASS = YES_ERROR;
				CLANG_WARN_QUOTED_INCLUDE_IN_FRAMEWORK_HEADER = YES;
				CLANG_WARN_RANGE_LOOP_ANALYSIS = YES;
				CLANG_WARN_STRICT_PROTOTYPES = YES;
				CLANG_WARN_SUSPICIOUS_MOVE = YES;
				CLANG_WARN_UNGUARDED_AVAILABILITY = YES_AGGRESSIVE;
				CLANG_WARN_UNREACHABLE_CODE = YES;
				CLANG_WARN__DUPLICATE_METHOD_MATCH = YES;
				COPY_PHASE_STRIP = NO;
				DEBUG_INFORMATION_FORMAT = dwarf;
				ENABLE_STRICT_OBJC_MSGSEND = YES;
				ENABLE_TESTABILITY = YES;
				ENABLE_USER_SCRIPT_SANDBOXING = YES;
				GCC_C_LANGUAGE_STANDARD = gnu17;
				GCC_DYNAMIC_NO_PIC = NO;
				GCC_NO_COMMON_BLOCKS = YES;
				GCC_OPTIMIZATION_LEVEL = 0;
				GCC_PREPROCESSOR_DEFINITIONS = (
					"DEBUG=1",
					"$(inherited)",
				);
				GCC_WARN_64_TO_32_BIT_CONVERSION = YES;
				GCC_WARN_ABOUT_RETURN_TYPE = YES_ERROR;
				GCC_WARN_UNDECLARED_SELECTOR = YES;
				GCC_WARN_UNINITIALIZED_AUTOS = YES_AGGRESSIVE;
				GCC_WARN_UNUSED_FUNCTION = YES;
				GCC_WARN_UNUSED_VARIABLE = YES;
				IPHONEOS_DEPLOYMENT_TARGET = 17.5;
				LOCALIZATION_PREFERS_STRING_CATALOGS = YES;
				MTL_ENABLE_DEBUG_INFO = INCLUDE_SOURCE;
				MTL_FAST_MATH = YES;
				ONLY_ACTIVE_ARCH = YES;
				SDKROOT = iphoneos;
				SWIFT_ACTIVE_COMPILATION_CONDITIONS = "DEBUG $(inherited)";
				SWIFT_OPTIMIZATION_LEVEL = "-Onone";
			};
			name = Debug;
		};
		F7F3CC912C1C6BB50089D3F1 /* Release */ = {
			isa = XCBuildConfiguration;
			buildSettings = {
				ALWAYS_SEARCH_USER_PATHS = NO;
				ASSETCATALOG_COMPILER_GENERATE_SWIFT_ASSET_SYMBOL_EXTENSIONS = YES;
				CLANG_ANALYZER_NONNULL = YES;
				CLANG_ANALYZER_NUMBER_OBJECT_CONVERSION = YES_AGGRESSIVE;
				CLANG_CXX_LANGUAGE_STANDARD = "gnu++20";
				CLANG_ENABLE_MODULES = YES;
				CLANG_ENABLE_OBJC_ARC = YES;
				CLANG_ENABLE_OBJC_WEAK = YES;
				CLANG_WARN_BLOCK_CAPTURE_AUTORELEASING = YES;
				CLANG_WARN_BOOL_CONVERSION = YES;
				CLANG_WARN_COMMA = YES;
				CLANG_WARN_CONSTANT_CONVERSION = YES;
				CLANG_WARN_DEPRECATED_OBJC_IMPLEMENTATIONS = YES;
				CLANG_WARN_DIRECT_OBJC_ISA_USAGE = YES_ERROR;
				CLANG_WARN_DOCUMENTATION_COMMENTS = YES;
				CLANG_WARN_EMPTY_BODY = YES;
				CLANG_WARN_ENUM_CONVERSION = YES;
				CLANG_WARN_INFINITE_RECURSION = YES;
				CLANG_WARN_INT_CONVERSION = YES;
				CLANG_WARN_NON_LITERAL_NULL_CONVERSION = YES;
				CLANG_WARN_OBJC_IMPLICIT_RETAIN_SELF = YES;
				CLANG_WARN_OBJC_LITERAL_CONVERSION = YES;
				CLANG_WARN_OBJC_ROOT_CLASS = YES_ERROR;
				CLANG_WARN_QUOTED_INCLUDE_IN_FRAMEWORK_HEADER = YES;
				CLANG_WARN_RANGE_LOOP_ANALYSIS = YES;
				CLANG_WARN_STRICT_PROTOTYPES = YES;
				CLANG_WARN_SUSPICIOUS_MOVE = YES;
				CLANG_WARN_UNGUARDED_AVAILABILITY = YES_AGGRESSIVE;
				CLANG_WARN_UNREACHABLE_CODE = YES;
				CLANG_WARN__DUPLICATE_METHOD_MATCH = YES;
				COPY_PHASE_STRIP = NO;
				DEBUG_INFORMATION_FORMAT = "dwarf-with-dsym";
				ENABLE_NS_ASSERTIONS = NO;
				ENABLE_STRICT_OBJC_MSGSEND = YES;
				ENABLE_USER_SCRIPT_SANDBOXING = YES;
				GCC_C_LANGUAGE_STANDARD = gnu17;
				GCC_NO_COMMON_BLOCKS = YES;
				GCC_WARN_64_TO_32_BIT_CONVERSION = YES;
				GCC_WARN_ABOUT_RETURN_TYPE = YES_ERROR;
				GCC_WARN_UNDECLARED_SELECTOR = YES;
				GCC_WARN_UNINITIALIZED_AUTOS = YES_AGGRESSIVE;
				GCC_WARN_UNUSED_FUNCTION = YES;
				GCC_WARN_UNUSED_VARIABLE = YES;
				IPHONEOS_DEPLOYMENT_TARGET = 17.5;
				LOCALIZATION_PREFERS_STRING_CATALOGS = YES;
				MTL_ENABLE_DEBUG_INFO = NO;
				MTL_FAST_MATH = YES;
				SDKROOT = iphoneos;
				SWIFT_COMPILATION_MODE = wholemodule;
				VALIDATE_PRODUCT = YES;
			};
			name = Release;
		};
		F7F3CC932C1C6BB50089D3F1 /* Debug */ = {
			isa = XCBuildConfiguration;
			buildSettings = {
				ASSETCATALOG_COMPILER_APPICON_NAME = AppIcon;
				ASSETCATALOG_COMPILER_GLOBAL_ACCENT_COLOR_NAME = AccentColor;
				CODE_SIGN_STYLE = Automatic;
				CURRENT_PROJECT_VERSION = 1;
				DEVELOPMENT_ASSET_PATHS = "\"weatherApp/Preview Content\"";
				ENABLE_PREVIEWS = YES;
				GENERATE_INFOPLIST_FILE = YES;
				INFOPLIST_KEY_NSLocationAlwaysUsageDescription = "We need your location to provide current weather information.";
				INFOPLIST_KEY_NSLocationWhenInUseUsageDescription = "We need your location to provide current weather information.";
				INFOPLIST_KEY_UIApplicationSceneManifest_Generation = YES;
				INFOPLIST_KEY_UIApplicationSupportsIndirectInputEvents = YES;
				INFOPLIST_KEY_UILaunchScreen_Generation = YES;
				INFOPLIST_KEY_UISupportedInterfaceOrientations_iPad = "UIInterfaceOrientationPortrait UIInterfaceOrientationPortraitUpsideDown UIInterfaceOrientationLandscapeLeft UIInterfaceOrientationLandscapeRight";
				INFOPLIST_KEY_UISupportedInterfaceOrientations_iPhone = "UIInterfaceOrientationPortrait UIInterfaceOrientationLandscapeLeft UIInterfaceOrientationLandscapeRight";
				LD_RUNPATH_SEARCH_PATHS = (
					"$(inherited)",
					"@executable_path/Frameworks",
				);
				MARKETING_VERSION = 1.0;
				PRODUCT_BUNDLE_IDENTIFIER = com.neel.weatherApp.weatherApp;
				PRODUCT_NAME = "$(TARGET_NAME)";
				SWIFT_EMIT_LOC_STRINGS = YES;
				SWIFT_VERSION = 5.0;
				TARGETED_DEVICE_FAMILY = "1,2";
			};
			name = Debug;
		};
		F7F3CC942C1C6BB50089D3F1 /* Release */ = {
			isa = XCBuildConfiguration;
			buildSettings = {
				ASSETCATALOG_COMPILER_APPICON_NAME = AppIcon;
				ASSETCATALOG_COMPILER_GLOBAL_ACCENT_COLOR_NAME = AccentColor;
				CODE_SIGN_STYLE = Automatic;
				CURRENT_PROJECT_VERSION = 1;
				DEVELOPMENT_ASSET_PATHS = "\"weatherApp/Preview Content\"";
				ENABLE_PREVIEWS = YES;
				GENERATE_INFOPLIST_FILE = YES;
				INFOPLIST_KEY_NSLocationAlwaysUsageDescription = "We need your location to provide current weather information.";
				INFOPLIST_KEY_NSLocationWhenInUseUsageDescription = "We need your location to provide current weather information.";
				INFOPLIST_KEY_UIApplicationSceneManifest_Generation = YES;
				INFOPLIST_KEY_UIApplicationSupportsIndirectInputEvents = YES;
				INFOPLIST_KEY_UILaunchScreen_Generation = YES;
				INFOPLIST_KEY_UISupportedInterfaceOrientations_iPad = "UIInterfaceOrientationPortrait UIInterfaceOrientationPortraitUpsideDown UIInterfaceOrientationLandscapeLeft UIInterfaceOrientationLandscapeRight";
				INFOPLIST_KEY_UISupportedInterfaceOrientations_iPhone = "UIInterfaceOrientationPortrait UIInterfaceOrientationLandscapeLeft UIInterfaceOrientationLandscapeRight";
				LD_RUNPATH_SEARCH_PATHS = (
					"$(inherited)",
					"@executable_path/Frameworks",
				);
				MARKETING_VERSION = 1.0;
				PRODUCT_BUNDLE_IDENTIFIER = com.neel.weatherApp.weatherApp;
				PRODUCT_NAME = "$(TARGET_NAME)";
				SWIFT_EMIT_LOC_STRINGS = YES;
				SWIFT_VERSION = 5.0;
				TARGETED_DEVICE_FAMILY = "1,2";
			};
			name = Release;
		};
		F7F3CC962C1C6BB50089D3F1 /* Debug */ = {
			isa = XCBuildConfiguration;
			buildSettings = {
				ALWAYS_EMBED_SWIFT_STANDARD_LIBRARIES = YES;
				BUNDLE_LOADER = "$(TEST_HOST)";
				CODE_SIGN_STYLE = Automatic;
				CURRENT_PROJECT_VERSION = 1;
				GENERATE_INFOPLIST_FILE = YES;
				IPHONEOS_DEPLOYMENT_TARGET = 17.5;
				MARKETING_VERSION = 1.0;
				PRODUCT_BUNDLE_IDENTIFIER = com.neel.weatherApp.weatherAppTests;
				PRODUCT_NAME = "$(TARGET_NAME)";
				SWIFT_EMIT_LOC_STRINGS = NO;
				SWIFT_VERSION = 5.0;
				TARGETED_DEVICE_FAMILY = "1,2";
				TEST_HOST = "$(BUILT_PRODUCTS_DIR)/weatherApp.app/$(BUNDLE_EXECUTABLE_FOLDER_PATH)/weatherApp";
			};
			name = Debug;
		};
		F7F3CC972C1C6BB50089D3F1 /* Release */ = {
			isa = XCBuildConfiguration;
			buildSettings = {
				ALWAYS_EMBED_SWIFT_STANDARD_LIBRARIES = YES;
				BUNDLE_LOADER = "$(TEST_HOST)";
				CODE_SIGN_STYLE = Automatic;
				CURRENT_PROJECT_VERSION = 1;
				GENERATE_INFOPLIST_FILE = YES;
				IPHONEOS_DEPLOYMENT_TARGET = 17.5;
				MARKETING_VERSION = 1.0;
				PRODUCT_BUNDLE_IDENTIFIER = com.neel.weatherApp.weatherAppTests;
				PRODUCT_NAME = "$(TARGET_NAME)";
				SWIFT_EMIT_LOC_STRINGS = NO;
				SWIFT_VERSION = 5.0;
				TARGETED_DEVICE_FAMILY = "1,2";
				TEST_HOST = "$(BUILT_PRODUCTS_DIR)/weatherApp.app/$(BUNDLE_EXECUTABLE_FOLDER_PATH)/weatherApp";
			};
			name = Release;
		};
		F7F3CC992C1C6BB50089D3F1 /* Debug */ = {
			isa = XCBuildConfiguration;
			buildSettings = {
				ALWAYS_EMBED_SWIFT_STANDARD_LIBRARIES = YES;
				CODE_SIGN_STYLE = Automatic;
				CURRENT_PROJECT_VERSION = 1;
				GENERATE_INFOPLIST_FILE = YES;
				MARKETING_VERSION = 1.0;
				PRODUCT_BUNDLE_IDENTIFIER = com.neel.weatherApp.weatherAppUITests;
				PRODUCT_NAME = "$(TARGET_NAME)";
				SWIFT_EMIT_LOC_STRINGS = NO;
				SWIFT_VERSION = 5.0;
				TARGETED_DEVICE_FAMILY = "1,2";
				TEST_TARGET_NAME = weatherApp;
			};
			name = Debug;
		};
		F7F3CC9A2C1C6BB50089D3F1 /* Release */ = {
			isa = XCBuildConfiguration;
			buildSettings = {
				ALWAYS_EMBED_SWIFT_STANDARD_LIBRARIES = YES;
				CODE_SIGN_STYLE = Automatic;
				CURRENT_PROJECT_VERSION = 1;
				GENERATE_INFOPLIST_FILE = YES;
				MARKETING_VERSION = 1.0;
				PRODUCT_BUNDLE_IDENTIFIER = com.neel.weatherApp.weatherAppUITests;
				PRODUCT_NAME = "$(TARGET_NAME)";
				SWIFT_EMIT_LOC_STRINGS = NO;
				SWIFT_VERSION = 5.0;
				TARGETED_DEVICE_FAMILY = "1,2";
				TEST_TARGET_NAME = weatherApp;
			};
			name = Release;
		};
/* End XCBuildConfiguration section */

/* Begin XCConfigurationList section */
		F7F3CC692C1C6BB30089D3F1 /* Build configuration list for PBXProject "weatherApp" */ = {
			isa = XCConfigurationList;
			buildConfigurations = (
				F7F3CC902C1C6BB50089D3F1 /* Debug */,
				F7F3CC912C1C6BB50089D3F1 /* Release */,
			);
			defaultConfigurationIsVisible = 0;
			defaultConfigurationName = Release;
		};
		F7F3CC922C1C6BB50089D3F1 /* Build configuration list for PBXNativeTarget "weatherApp" */ = {
			isa = XCConfigurationList;
			buildConfigurations = (
				F7F3CC932C1C6BB50089D3F1 /* Debug */,
				F7F3CC942C1C6BB50089D3F1 /* Release */,
			);
			defaultConfigurationIsVisible = 0;
			defaultConfigurationName = Release;
		};
		F7F3CC952C1C6BB50089D3F1 /* Build configuration list for PBXNativeTarget "weatherAppTests" */ = {
			isa = XCConfigurationList;
			buildConfigurations = (
				F7F3CC962C1C6BB50089D3F1 /* Debug */,
				F7F3CC972C1C6BB50089D3F1 /* Release */,
			);
			defaultConfigurationIsVisible = 0;
			defaultConfigurationName = Release;
		};
		F7F3CC982C1C6BB50089D3F1 /* Build configuration list for PBXNativeTarget "weatherAppUITests" */ = {
			isa = XCConfigurationList;
			buildConfigurations = (
				F7F3CC992C1C6BB50089D3F1 /* Debug */,
				F7F3CC9A2C1C6BB50089D3F1 /* Release */,
			);
			defaultConfigurationIsVisible = 0;
			defaultConfigurationName = Release;
		};
/* End XCConfigurationList section */
	};
	rootObject = F7F3CC662C1C6BB30089D3F1 /* Project object */;
}
